
Microsoft Visual Studio Solution File, Format Version 12.00
# Visual Studio Version 17
VisualStudioVersion = 17.5.002.0
MinimumVisualStudioVersion = 10.0.40219.1
Project("{9A19103F-16F7-4668-BE54-9A1E7A4F7556}") = "Aeroporto Projeto", "Aeroporto Projeto.csproj", "{025BA9B8-667F-4DA1-A3A8-2809C90E98DB}"
EndProject
Global
	GlobalSection(SolutionConfigurationPlatforms) = preSolution
		Debug|Any CPU = Debug|Any CPU
		Release|Any CPU = Release|Any CPU
	EndGlobalSection
	GlobalSection(ProjectConfigurationPlatforms) = postSolution
		{025BA9B8-667F-4DA1-A3A8-2809C90E98DB}.Debug|Any CPU.ActiveCfg = Debug|Any CPU
		{025BA9B8-667F-4DA1-A3A8-2809C90E98DB}.Debug|Any CPU.Build.0 = Debug|Any CPU
		{025BA9B8-667F-4DA1-A3A8-2809C90E98DB}.Release|Any CPU.ActiveCfg = Release|Any CPU
		{025BA9B8-667F-4DA1-A3A8-2809C90E98DB}.Release|Any CPU.Build.0 = Release|Any CPU
	EndGlobalSection
	GlobalSection(SolutionProperties) = preSolution
		HideSolutionNode = FALSE
	EndGlobalSection
	GlobalSection(ExtensibilityGlobals) = postSolution
		SolutionGuid = {B16998E2-60AF-4D50-9EEF-BB7ABC896568}
	EndGlobalSection
EndGlobal
